{
  "name": "@dpsys/ajax-form",
  "version": "1.0.1",
  "lockfileVersion": 3,
  "requires": true,
  "packages": {
    "": {
      "name": "@dpsys/ajax-form",
      "version": "1.0.1",
      "license": "ISC",
      "dependencies": {
        "@dpsys/js-utils": "^1.0.10"
      }
    },
    "../../js-utils/js-utils": {
      "name": "@dpsys/js-utils",
      "version": "1.0.0",
      "extraneous": true,
      "license": "ISC"
    },
    "node_modules/@dpsys/js-utils": {
      "version": "1.0.10",
      "resolved": "https://registry.npmjs.org/@dpsys/js-utils/-/js-utils-1.0.10.tgz",
      "integrity": "sha512-h5J8KQnTdZGe0Awd5d/mPfxFZaRLvG61osIJY1BqXt+m+6SoMQ8SZXczRj/69pPyhqFHLhFnDApwZaxR3NNu8g=="
    }
  }
}
