{
  "name": "@dpsys/ajax-form",
  "version": "1.0.4",
  "lockfileVersion": 3,
  "requires": true,
  "packages": {
    "": {
      "name": "@dpsys/ajax-form",
      "version": "1.0.4",
      "license": "ISC",
      "dependencies": {
        "@dpsys/js-utils": "^1.0.11"
      }
    },
    "../../js-utils/js-utils": {
      "name": "@dpsys/js-utils",
      "version": "1.0.0",
      "extraneous": true,
      "license": "ISC"
    },
    "node_modules/@dpsys/js-utils": {
      "version": "1.0.11",
      "resolved": "https://registry.npmjs.org/@dpsys/js-utils/-/js-utils-1.0.11.tgz",
      "integrity": "sha512-BKrHDiqHry/JpR7zxeekzjwnTWX2qia2OT8wp9l4OjLWDagtTff+cuY/EV5S3HH3Ksmam1ZI6uaQQ3TfXFhYbg=="
    }
  }
}
